code.byted.org/bagent/go-client v0.0.0-20170930090034-2628b1bfb590 h1:0rlJAx5JipPp0mGCsZLSLbhkl5BnIUk8vjpy+uW1RbA=
code.byted.org/bagent/go-client v0.0.0-20170930090034-2628b1bfb590/go.mod h1:xdFj0SoUwjdIbt/hgPpsYxKS+/mjKuUvseTafme8dMs=
code.byted.org/data/databus_client v0.0.0-20181012090820-310dcb196d7f h1:Yig4pueLoFi7TerZVA6ynkbQqoXkd5O0sZnOvmqvBGk=
code.byted.org/data/databus_client v0.0.0-20181012090820-310dcb196d7f/go.mod h1:sUMBQSZrTOndcaYNIlU1iDhVP7pCvi7Yeo+wMC6Yd7k=
code.byted.org/data/mario_collector v0.0.0-20181109073917-dda5974baefb h1:G1rr94J90aYI9LrOFa8iopB98SYFYDRkjpUaYlLqvPo=
code.byted.org/data/mario_collector v0.0.0-20181109073917-dda5974baefb/go.mod h1:vZs7w1B+by3xz0WCO1sGTLAutbZoKa8gfxFQ0MDy6BA=
code.byted.org/gin/ginex v1.2.0 h1:xe5Y4M4fLxXsAjwGsKARMRHIEcvrAjMSOq3Zeo6mvKA=
code.byted.org/gin/ginex v1.2.0/go.mod h1:1cTXcniKHrO4XxTffJp2vQa7O2p1uqiRQNQ+f7afyKQ=
code.byted.org/gin/ginex v1.2.1-0.20181102024209-250ec8a5f34d h1:KRsGNTWYc4OIcfmWNCKAiVzUvPMDb3gSUa9tk2cmRqA=
code.byted.org/gin/ginex v1.2.1-0.20181102024209-250ec8a5f34d/go.mod h1:1cTXcniKHrO4XxTffJp2vQa7O2p1uqiRQNQ+f7afyKQ=
code.byted.org/golf/buffer_pool v0.0.0-20151120123746-3d60c9c70330 h1:GRuHSR43iSNCXuQ3Qgkpd+ospMJFHVitonHqtP6u24M=
code.byted.org/golf/buffer_pool v0.0.0-20151120123746-3d60c9c70330/go.mod h1:W2d2fc0+pnPhsrElW4Mr4aHsEgh/tyytYpzZrSZRHqc=
code.byted.org/golf/consul v0.0.0-20180911063143-0b20b8f969e2 h1:4MvByGRTK/9AhNwBtJDRklX/vDvjdQaBr4AkPX6/oFA=
code.byted.org/golf/consul v0.0.0-20180911063143-0b20b8f969e2/go.mod h1:EWTmdQQY1GxH8SmQpX5f9pUVJJyOu5TySHSY7FUOdE8=
code.byted.org/golf/metrics v0.0.0-20180319090601-41e3be1d73e4 h1:ygmJssRDiwnC/YC1hEuhV7utfi1mLEqUWzyBKCVwIuY=
code.byted.org/golf/metrics v0.0.0-20180319090601-41e3be1d73e4/go.mod h1:UvPh191ArCgnflJTfOpx5Gjmr6gr/wfRI9AZ3dnVhiY=
code.byted.org/golf/ssconf v0.0.0-20181012074523-26ac8c57bda9 h1:OodqJ01CX814qxmoMcxRkJVQPG4g2a0D+fgiPcHZuhM=
code.byted.org/golf/ssconf v0.0.0-20181012074523-26ac8c57bda9/go.mod h1:Ud+oWCbPCi/b1gcXsXrzBVgkpPoSLcfrZ9FFRT+5t/Y=
code.byted.org/gopkg/alarm v0.0.0-20160428043120-5616974298dd h1:LjcGu45UgQyPVZrifQoPD142gM4j+uomAZ9XDveN4qw=
code.byted.org/gopkg/alarm v0.0.0-20160428043120-5616974298dd/go.mod h1:yJa2jm/8l3BcqFxpj4y/rwtlz+I7Cy1WGWjVPqG1Etc=
code.byted.org/gopkg/asyncache v0.0.0-20180314080659-fb0c572621dc h1:GVylP+mbg9TtKCXWDv7JI6pzIbxTfWaPzyAgodxtNx0=
code.byted.org/gopkg/asyncache v0.0.0-20180314080659-fb0c572621dc/go.mod h1:UozdttZn5Y/z84K0T+RCgCd8+uJ8laG6czmwPPcxVtE=
code.byted.org/gopkg/consul v1.0.1 h1:rYyryktTEzO9tG05AgNJqzaV7DVifF7HtbC64u4jzYI=
code.byted.org/gopkg/consul v1.0.1/go.mod h1:bTBNpMNUDF8kKdnOIbcAt9D4hLfFykXraqyMm65ba1c=
code.byted.org/gopkg/context v0.0.0-20180305103152-469dc0c3bdd9 h1:jYt5Opa4GnHP8kjPAXDEGYi/+W0tJHqK6Dh52sdZckA=
code.byted.org/gopkg/context v0.0.0-20180305103152-469dc0c3bdd9/go.mod h1:QxW9l3Mb5p07iFoiCTpt22ykSQf/hqGtNXytjSeYEhc=
code.byted.org/gopkg/dbutil v0.0.0-20180130094105-f5f4f766974e h1:vxvHcSbIVzWGrmeWx3JzyO4NRy/y+/rN7tNCEviP3ag=
code.byted.org/gopkg/dbutil v0.0.0-20180130094105-f5f4f766974e/go.mod h1:tZBaDCVGWEvGps1S2qL93pGYIH7362FeA1sfihp8LRA=
code.byted.org/gopkg/env v0.0.0-20181014125842-3f733138821b h1:h8oKK9pzpEDdqNqtI0Rq4SavCsm5sdYNsHA08VTSw2Q=
code.byted.org/gopkg/env v0.0.0-20181014125842-3f733138821b/go.mod h1:PLRgKZpOvrV1gh7u2OqJXfDyvbn4ocFVyB3m30lVMTU=
code.byted.org/gopkg/etcd_util v0.0.0-20181016075009-149305e55690 h1:AJDnagp2BBUCjV62cLGvY6pSScJpXjOQuM0ythEgfLY=
code.byted.org/gopkg/etcd_util v0.0.0-20181016075009-149305e55690/go.mod h1:ljmr1J0X5B9RmrBRf1T9vP6+LJ5TJkDoepNXrgk7Y58=
code.byted.org/gopkg/etcdproxy v0.0.0-20181016074932-296e409a16d8 h1:rqvzo55J2QKn0HOCMbtv8QU9NRQG73nD9hAOCp4r4k8=
code.byted.org/gopkg/etcdproxy v0.0.0-20181016074932-296e409a16d8/go.mod h1:hZU2ViFZYmNNs+MY3DDuDqeSjx9kFKTdmqM5iiiYIs4=
code.byted.org/gopkg/gorm v0.0.0-20181025072755-13a4f5581941 h1:RqV1rl7bKxcszz1r8Agw3+MMvRVj1FhRZy2YZ54STls=
code.byted.org/gopkg/gorm v0.0.0-20181025072755-13a4f5581941/go.mod h1:z+UuDX/iunX+0HHQpZufRQ0clhLP5yGDHVSJ21lUiWc=
code.byted.org/gopkg/logs v0.0.0-20180917103642-fa946b66309f h1:tjjjpajN8gh/xsz0hWqokl5DTBQoLttr+Mx7nO5226M=
code.byted.org/gopkg/logs v0.0.0-20180917103642-fa946b66309f/go.mod h1:0FvBDCrefeCuC0TctmmeJ4fM0rojtCOJTnwRKeYNh9I=
code.byted.org/gopkg/metrics v0.0.0-20181028124540-07129a6246c8 h1:ywOIM+/sikNHgeMZlZpYlup6jTj7gbqx8fWlabY4/CM=
code.byted.org/gopkg/metrics v0.0.0-20181028124540-07129a6246c8/go.mod h1:8Egy2c99cbYGdlaDcgZUm33PGqvHfnZwsRR/O51RSSo=
code.byted.org/gopkg/mysql-driver v0.0.0-20181022114114-c92e368d0d5b h1:w/Q0Lmmx5BxH1G1NbgNS60j/PHkMK8IXbAuvMWz7Rg8=
code.byted.org/gopkg/mysql-driver v0.0.0-20181022114114-c92e368d0d5b/go.mod h1:Wca+/0QnTQDT32GiL/JnNzEymsKzSUqoQVAn+vMs4i8=
code.byted.org/gopkg/net2 v0.0.0-20180322071245-12bf0deec673 h1:w39N7qGOdfL291p1cfeqfyd7dQ2sAzzBsFRIt31Bsks=
code.byted.org/gopkg/net2 v0.0.0-20180322071245-12bf0deec673/go.mod h1:RDo4suupud1KOGkXqZ887RNeQzNz4xIL89/DqViVObU=
code.byted.org/gopkg/pkg v0.0.0-20181109102713-73207c42e3c1 h1:gkctJI6U5kdpMV/tdmVH2jcg+HqzDKWE9EUiJJSjbIw=
code.byted.org/gopkg/pkg v0.0.0-20181109102713-73207c42e3c1/go.mod h1:lREEMoH5747baGiVcR4HKWNRtEExefHprdTeQ+rQD+I=
code.byted.org/gopkg/stats v0.0.0-20180416130835-dd1ab10d954d h1:wjOlE4qCx6ml0qZCEkaVvopky+fpTCsFDrKfcvBz5RI=
code.byted.org/gopkg/stats v0.0.0-20180416130835-dd1ab10d954d/go.mod h1:+DbIzlPs+X1mW69sQh9kSWfQGBp/b8b4zOw7ujMBGaY=
code.byted.org/gopkg/tccclient v1.0.2 h1:7q0DFAEdncwiie6EwjZIN8m+UYB4ndYHrWq/aJl3264=
code.byted.org/gopkg/tccclient v1.0.2/go.mod h1:BJdfRG3L4QEP2Dfvr/xUJLhfAdA9j2fij5Cy+c5w51k=
code.byted.org/gopkg/tccclient v1.0.3-0.20181106070200-eebe2739873e h1:qKO0Xm8vNFoukOoCSdU4p/b2Ovm1DX5/ChCo2Fiwytg=
code.byted.org/gopkg/tccclient v1.0.3-0.20181106070200-eebe2739873e/go.mod h1:BJdfRG3L4QEP2Dfvr/xUJLhfAdA9j2fij5Cy+c5w51k=
code.byted.org/gopkg/thrift v0.0.0-20180906081308-a8fdaac0951a h1:K0dQL0LCpR8Ywm23h5IW1VRYhcpOd++UtWS/w9Sus3M=
code.byted.org/gopkg/thrift v0.0.0-20180906081308-a8fdaac0951a/go.mod h1:AVT7iDLwYv/dBYJ4hSzRWFMElMwVUzWD+hDl0WcCeLY=
code.byted.org/hystrix/hystrix-go v0.0.0-20171031115459-59ae77e351df h1:Cbjkbv2JW3muSa1UAQi6KnMP9s4k3UxBrkA3ZDrcQ7g=
code.byted.org/hystrix/hystrix-go v0.0.0-20171031115459-59ae77e351df/go.mod h1:8WomP2KtxDgPCeT9NYj3YsrGeerLJ11M1QktjYUpTfI=
code.byted.org/inf/infsecc v0.0.0-20181029011304-e44e031c1d19 h1:RJyP3hp+PcSqn8epABvERNuYymXwWz5y5scVqyLrD8Y=
code.byted.org/inf/infsecc v0.0.0-20181029011304-e44e031c1d19/go.mod h1:6OWOcSHg5lXhPgXGnnKSH4AN4OJnjcVqlvKCODqWuHM=
code.byted.org/kite/endpoint v3.0.2+incompatible h1:WcF5G6IwFCrSL8EeVEaFEyCFNWjDgDCi5TJmzraFUx4=
code.byted.org/kite/endpoint v3.0.2+incompatible/go.mod h1:exI+/MBwWWw67QfXiJleQV3DY86ox1BFsnGk1xqmYDM=
code.byted.org/kite/kitc v3.0.3+incompatible h1:93AwiUGX5GM/54+3d5G14cwtDWl18uelaXHpMhETTY0=
code.byted.org/kite/kitc v3.0.3+incompatible/go.mod h1:DQxo6izaV3CXXzpUApRnGmjzSwutlLb50EDlSTZxf3M=
code.byted.org/kite/kite v3.0.3+incompatible h1:S/kDrwXNuN031ACaauhmEn2VnL/TfgC91jwqRQ+mD1g=
code.byted.org/kite/kite v3.0.3+incompatible/go.mod h1:NrkZ92iMAA0jjJ4oHu9jEMnd6EECMDgB2IOrOx+/MMo=
code.byted.org/kite/kitutil v3.0.3+incompatible h1:pTZ6Xkv5C/xDZRsM12kYJ5mPDqXgNNd3mQqkmDAlF5E=
code.byted.org/kite/kitutil v3.0.3+incompatible/go.mod h1:vjUvqAPPXmfROxusLDIJs+BMDzjgFsvVMyQ0dDr9JdA=
code.byted.org/kv/goredis v0.0.0-20181108070953-9efa99967ed3 h1:9u0cwC5SadNqqVjgMZkUSVV8ZoHOOY6EgGLdjzZQP68=
code.byted.org/kv/goredis v0.0.0-20181108070953-9efa99967ed3/go.mod h1:36iDxazJpOfuimnFzNmYm/k8qPFHV/7PvDhdYcfm16c=
code.byted.org/kv/redis-v6 v0.0.0-20181107014420-f6f239f9df8f h1:t0nqKRXzkF7mBPaDIzFMosT83QTcRIcN32gam43R490=
code.byted.org/kv/redis-v6 v0.0.0-20181107014420-f6f239f9df8f/go.mod h1:Fd0mBZRJrYxdfL02hfep9MtrmxmHIL2khMLpcVw7NEg=
code.byted.org/learning_fe/customer_admin_api v0.0.0-20181107160926-ec8727d44870 h1:DkQyZt6hAUb7jhgPiQWw4GbZxI+cKRrxZTtjgqMCon4=
code.byted.org/learning_fe/customer_admin_api v0.0.0-20181107160926-ec8727d44870/go.mod h1:5x1fucvKdGWwnB7cOWynEXQCJ6mvTMIx6DHPRJfnf3o=
code.byted.org/learning_fe/customer_common v0.0.0-20180819112749-a6fa8966ab50 h1:Nt+mBFsbqmSdRZvNFrNtaRBN/xEg7fGRwpDu4TYzlEg=
code.byted.org/learning_fe/customer_common v0.0.0-20180819112749-a6fa8966ab50/go.mod h1:N2am5mGgqQJPYbw3i0Stn82Zoel4WMuWBEM1vbfhdVg=
code.byted.org/learning_fe/customer_sdk v0.0.0-20181025121540-c6f46a7a0cae h1:F0jnsF4OuOCBGaNUGUCwUBdUZEqH/cYMURiKnb17L8s=
code.byted.org/learning_fe/customer_sdk v0.0.0-20181025121540-c6f46a7a0cae/go.mod h1:n85JTKkTd/wAMVF9KuKMH4A4PpRq/XXebSVFaUicosM=
code.byted.org/learning_fe/fly-go-api-starter v0.0.0-20181112030711-82ecbf6eee52 h1:xNTxUkcC2sCx0ADNyw0Fp7EvHo3/aNot4zjaZuYUob4=
code.byted.org/learning_fe/fly-go-api-starter v0.0.0-20181112030711-82ecbf6eee52/go.mod h1:untcM89DoGWwqtxFZOjL7qg0f0YbeVSKJCvKNJd33+k=
code.byted.org/learning_fe/go_modules v0.0.0-20181015031340-a747742637c4 h1:2pTCuuTEv/DuMt0e1e8eNXxPbKjQJXewvCFQdSFkMcU=
code.byted.org/learning_fe/go_modules v0.0.0-20181015031340-a747742637c4/go.mod h1:5p434h0nfIUUlixlFDRhEgECE0k2AFqlaaQcDiMs11A=
code.byted.org/log_market/gosdk v0.0.0-20181024032738-2cee739b8230 h1:5GvzjxpSvTUZbXjEOh0eU47Mqm07ByVoiGdKf94dkSw=
code.byted.org/log_market/gosdk v0.0.0-20181024032738-2cee739b8230/go.mod h1:NRonQUBJ+OqGoS6IVxqB4ojuDXuOAi76zVArL+OpIYI=
code.byted.org/microservice/configstorer v0.0.0-20180117023114-680b2f0b2ab6 h1:JYxc1RD4+I3Fqs16PmQieTvyKe1hnQMvkuzCNSnPO6Y=
code.byted.org/microservice/configstorer v0.0.0-20180117023114-680b2f0b2ab6/go.mod h1:MxqunE8dMeJo4V31TRtJn3rZ1ZPv0KzcBq3Pj03L/sE=
code.byted.org/passport/session_lib v0.0.0-20181106111008-25a41b8add6a h1:pZSxSZjkPO8Dk7CmdBhg2uS2TLgg24V9azBGMXv5BGk=
code.byted.org/passport/session_lib v0.0.0-20181106111008-25a41b8add6a/go.mod h1:Rc8BpYBcjinrm6to4a8fH8aAJeZJBHwMoknSxlUUWE8=
github.com/OneOfOne/xxhash v1.2.2/go.mod h1:HSdplMjZKSmBqAxg5vPj2TmRDmfkzw+cTzAElWljhcU=
github.com/aymerick/raymond v2.0.2+incompatible h1:VEp3GpgdAnv9B2GFyTvqgcKvY+mfKMjPOA3SbKLtnU0=
github.com/aymerick/raymond v2.0.2+incompatible/go.mod h1:osfaiScAUVup+UC9Nfq76eWqDhXlp+4UYaA8uhTBO6g=
github.com/bbuck/dragon-mud v0.0.0-20180104202252-7b8179395b13 h1:J/3icwQDbytAvryIxM6FYhwKxYYNCMvMa6K8VVpKcjk=
github.com/bbuck/dragon-mud v0.0.0-20180104202252-7b8179395b13/go.mod h1:LyzfU8DBewHH3FTW7sK/U4duXoOcmD56S/iEeLzNNaA=
github.com/bitly/go-simplejson v0.5.0 h1:6IH+V8/tVMab511d5bn4M7EwGXZf9Hj6i2xSwkNEM+Y=
github.com/bitly/go-simplejson v0.5.0/go.mod h1:cXHtHw4XUPsvGaxgjIAn8PhEWG9NfngEKAMDJEczWVA=
github.com/bluele/gcache v0.0.0-20171010155617-472614239ac7 h1:NpQ+gkFOH27AyDypSCJ/LdsIi/b4rdnEb1N5+IpFfYs=
github.com/bluele/gcache v0.0.0-20171010155617-472614239ac7/go.mod h1:8c4/i2VlovMO2gBnHGQPN5EJw+H0lx1u/5p+cgsXtCk=
github.com/bxcodec/go-clean-arch v2.0.0+incompatible h1:tG9a3avndz/xWode8sAxjhCsy4HTla9ZT9oksnGGywU=
github.com/bxcodec/go-clean-arch v2.0.0+incompatible/go.mod h1:rHt3qW/sMjXpnX3lYrd0VmRVphCbtWmfBT/ZGY4nQ3I=
github.com/cenk/backoff v2.0.0+incompatible h1:7vXVw3g7XE+Vnj0A9TmFGtMeP4oZQ5ZzpPvKhLFa80E=
github.com/cenk/backoff v2.0.0+incompatible/go.mod h1:7FtoeaSnHoZnmZzz47cM35Y9nSW7tNyaidugnHTaFDE=
github.com/cespare/xxhash v1.1.0 h1:a6HrQnmkObjyL+Gs60czilIUGqrzKutQD6XZog3p+ko=
github.com/cespare/xxhash v1.1.0/go.mod h1:XrSqR1VqqWfGrhpAt58auRo0WTKS1nRRg3ghfAqPWnc=
github.com/chzyer/readline v0.0.0-20180603132655-2972be24d48e h1:fY5BOSpyZCqRo5OhCuC+XN+r/bBCmeuuJtjz+bCNIf8=
github.com/chzyer/readline v0.0.0-20180603132655-2972be24d48e/go.mod h1:nSuG5e5PlCu98SY8svDHJxuZscDgtXS6KTTbou5AhLI=
github.com/davecgh/go-spew v1.1.1 h1:vj9j/u1bqnvCEfJOwUhtlOARqs3+rkHYY13jYWTU97c=
github.com/davecgh/go-spew v1.1.1/go.mod h1:J7Y8YcW2NihsgmVo/mv3lAwl/skON4iLHjSsI+c5H38=
github.com/facebookgo/clock v0.0.0-20150410010913-600d898af40a h1:yDWHCSQ40h88yih2JAcL6Ls/kVkSE8GFACTGVnMPruw=
github.com/facebookgo/clock v0.0.0-20150410010913-600d898af40a/go.mod h1:7Ga40egUymuWXxAe151lTNnCv97MddSOVsjpPPkityA=
github.com/fatih/structs v1.1.0 h1:Q7juDM0QtcnhCpeyLGQKyg4TOIghuNXrkL32pHAUMxo=
github.com/fatih/structs v1.1.0/go.mod h1:9NiDSp5zOcgEDl+j00MP/WkGVPOlPRLejGD8Ga6PJ7M=
github.com/fsnotify/fsnotify v1.4.7 h1:IXs+QLmnXW2CcXuY+8Mzv/fWEsPGWxqefPtCP5CnV9I=
github.com/fsnotify/fsnotify v1.4.7/go.mod h1:jwhsz4b93w/PPRr/qN1Yymfu8t87LnFCMoQvtojpjFo=
github.com/gin-contrib/sse v0.0.0-20170109093832-22d885f9ecc7 h1:AzN37oI0cOS+cougNAV9szl6CVoj2RYwzS3DpUQNtlY=
github.com/gin-contrib/sse v0.0.0-20170109093832-22d885f9ecc7/go.mod h1:VJ0WA2NBN22VlZ2dKZQPAPnyWw5XTlK1KymzLKsr59s=
github.com/gin-gonic/gin v1.3.0 h1:kCmZyPklC0gVdL728E6Aj20uYBJV93nj/TkwBTKhFbs=
github.com/gin-gonic/gin v1.3.0/go.mod h1:7cKuhb5qV2ggCFctp2fJQ+ErvciLZrIeoOSOm6mUr7Y=
github.com/go-redis/redis v6.14.2+incompatible h1:UE9pLhzmWf+xHNmZsoccjXosPicuiNaInPgym8nzfg0=
github.com/go-redis/redis v6.14.2+incompatible/go.mod h1:NAIEuMOZ/fxfXJIrKDQDz8wamY7mA7PouImQ2Jvg6kA=
github.com/gobuffalo/envy v1.6.5 h1:X3is06x7v0nW2xiy2yFbbIjwHz57CD6z6MkvqULTCm8=
github.com/gobuffalo/envy v1.6.5/go.mod h1:N+GkhhZ/93bGZc6ZKhJLP6+m+tCNPKwgSpH9kaifseQ=
github.com/gobuffalo/velvet v0.0.0-20170320144106-d97471bf5d8f h1:ddIdPdlkAgKMB0mbkft2LT3oxN1h3MN1fopCFrOgkhY=
github.com/gobuffalo/velvet v0.0.0-20170320144106-d97471bf5d8f/go.mod h1:m9x1vDSQYrGiEhEiu0c4XuE0SZzw31Ms8ULjGdhaA54=
github.com/gogo/protobuf v1.1.1 h1:72R+M5VuhED/KujmZVcIquuo8mBgX4oVda//DQb3PXo=
github.com/gogo/protobuf v1.1.1/go.mod h1:r8qH/GZQm5c6nD/R0oafs1akxWv10x8SbQlK7atdtwQ=
github.com/golang/protobuf v1.2.0 h1:P3YflyNX/ehuJFLhxviNdFxQPkGK5cDcApsge1SqnvM=
github.com/golang/protobuf v1.2.0/go.mod h1:6lQm79b+lXiMfvg/cZm0SGofjICqVBUtrP5yJMmIC1U=
github.com/graph-gophers/graphql-go v0.0.0-20181022222113-940d2b01f254 h1:Gd6QMlLJkeKotfK3HX2B6YkJNK5BWe0cLgPofJQNI4g=
github.com/graph-gophers/graphql-go v0.0.0-20181022222113-940d2b01f254/go.mod h1:aRnZGurV3LlZ1Y+ygyx1mAV6OUfq+nu6OgpJ6jKgZ3g=
github.com/hashicorp/hcl v1.0.0 h1:0Anlzjpi4vEasTeNFn2mLJgTSwt0+6sfsiTG8qcWGx4=
github.com/hashicorp/hcl v1.0.0/go.mod h1:E5yfLk+7swimpb2L/Alb/PJmXilQ/rhwaUYs4T20WEQ=
github.com/jinzhu/inflection v0.0.0-20180308033659-04140366298a h1:eeaG9XMUvRBYXJi4pg1ZKM7nxc5AfXfojeLLW7O5J3k=
github.com/jinzhu/inflection v0.0.0-20180308033659-04140366298a/go.mod h1:h+uFLlag+Qp1Va5pdKtLDYj+kHp5pxUVkryuEj+Srlc=
github.com/johnnadratowski/golang-neo4j-bolt-driver v0.0.0-20181101021923-6b24c0085aae h1:YovtHFY2RXA6muqKixVlJlLBvBNNjiLTYeCYZTn/QDo=
github.com/johnnadratowski/golang-neo4j-bolt-driver v0.0.0-20181101021923-6b24c0085aae/go.mod h1:xwUw3ZE1/D9drQgpluhRs4peTMKm1tQEZ4p7DrpyqwE=
github.com/joho/godotenv v1.3.0 h1:Zjp+RcGpHhGlrMbJzXTrZZPrWj+1vfm90La1wgB6Bhc=
github.com/joho/godotenv v1.3.0/go.mod h1:7hK45KPybAkOC6peb+G5yklZfMxEjkZhHbwpqxOKXbg=
github.com/json-iterator/go v1.1.5 h1:gL2yXlmiIo4+t+y32d4WGwOjKGYcGOuyrg46vadswDE=
github.com/json-iterator/go v1.1.5/go.mod h1:+SdeFBvtyEkXs7REEP0seUULqWtbJapLOCVDaaPEHmU=
github.com/juju/ratelimit v1.0.1 h1:+7AIFJVQ0EQgq/K9+0Krm7m530Du7tIz0METWzN0RgY=
github.com/juju/ratelimit v1.0.1/go.mod h1:qapgC/Gy+xNh9UxzV13HGGl/6UXNN+ct+vwSgWNm/qk=
github.com/konsorten/go-windows-terminal-sequences v1.0.1/go.mod h1:T0+1ngSBFLxvqU3pZ+m/2kptfBszLMUkC4ZK/EgS/cQ=
github.com/magiconair/properties v1.8.0 h1:LLgXmsheXeRoUOBOjtwPQCWIYqM/LU1ayDtDePerRcY=
github.com/magiconair/properties v1.8.0/go.mod h1:PppfXfuXeibc/6YijjN8zIbojt8czPbwD3XqdrwzmxQ=
github.com/markbates/inflect v1.0.4 h1:5fh1gzTFhfae06u3hzHYO9xe3l3v3nW5Pwt3naLTP5g=
github.com/markbates/inflect v1.0.4/go.mod h1:1fR9+pO2KHEO9ZRtto13gDwwZaAKstQzferVeWqbgNs=
github.com/mattn/go-colorable v0.0.9 h1:UVL0vNpWh04HeJXV0KLcaT7r06gOH2l4OW6ddYRUIY4=
github.com/mattn/go-colorable v0.0.9/go.mod h1:9vuHe8Xs5qXnSaW/c/ABM9alt+Vo+STaOChaDxuIBZU=
github.com/mattn/go-isatty v0.0.4 h1:bnP0vzxcAdeI1zdubAl5PjU6zsERjGZb7raWodagDYs=
github.com/mattn/go-isatty v0.0.4/go.mod h1:M+lRXTBqGeGNdLjl/ufCoiOlB5xdOkqRJdNxMWT7Zi4=
github.com/mgutz/ansi v0.0.0-20170206155736-9520e82c474b h1:j7+1HpAFS1zy5+Q4qx1fWh90gTKwiN4QCGoY9TWyyO4=
github.com/mgutz/ansi v0.0.0-20170206155736-9520e82c474b/go.mod h1:01TrycV0kFyexm33Z7vhZRXopbI8J3TDReVlkTgMUxE=
github.com/microcosm-cc/bluemonday v1.0.1 h1:SIYunPjnlXcW+gVfvm0IlSeR5U3WZUOLfVmqg85Go44=
github.com/microcosm-cc/bluemonday v1.0.1/go.mod h1:hsXNsILzKxV+sX77C5b8FSuKF00vh2OMYv+xgHpAMF4=
github.com/mitchellh/mapstructure v1.0.0 h1:vVpGvMXJPqSDh2VYHF7gsfQj8Ncx+Xw5Y1KHeTRY+7I=
github.com/mitchellh/mapstructure v1.0.0/go.mod h1:FVVH3fgwuzCH5S8UJGiWEs2h04kUh9fWfEaFds41c1Y=
github.com/modern-go/concurrent v0.0.0-20180306012644-bacd9c7ef1dd h1:TRLaZ9cD/w8PVh93nsPXa1VrQ6jlwL5oN8l14QlcNfg=
github.com/modern-go/concurrent v0.0.0-20180306012644-bacd9c7ef1dd/go.mod h1:6dJC0mAP4ikYIbvyc7fijjWJddQyLn8Ig3JB5CqoB9Q=
github.com/modern-go/reflect2 v1.0.1 h1:9f412s+6RmYXLWZSEzVVgPGK7C2PphHj5RJrvfx9AWI=
github.com/modern-go/reflect2 v1.0.1/go.mod h1:bx2lNnkwVCuqBIxFjflWJWanXIb3RllmbCylyMrvgv0=
github.com/nicksrandall/dataloader v4.1.0+incompatible h1:+p5eEJXGaRlO5e4HAC/jZzEOQW1e2L3KopU5jxDbI+k=
github.com/nicksrandall/dataloader v4.1.0+incompatible/go.mod h1:ffw+n6o2gnZpT4lkSLF6W1+aDf6WIHZwWcwLF3/jJSo=
github.com/opentracing/opentracing-go v1.0.2 h1:3jA2P6O1F9UOrWVpwrIo17pu01KWvNWg4X946/Y5Zwg=
github.com/opentracing/opentracing-go v1.0.2/go.mod h1:UkNAQd3GIcIGf0SeVgPpRdFStlNbqXla1AfSYxPUl2o=
github.com/pelletier/go-toml v1.2.0 h1:T5zMGML61Wp+FlcbWjRDT7yAxhJNAiPPLOFECq181zc=
github.com/pelletier/go-toml v1.2.0/go.mod h1:5z9KED0ma1S8pY6P1sdut58dfprrGBbd/94hg7ilaic=
github.com/pkg/errors v0.8.0 h1:WdK/asTD0HN+q6hsWO3/vpuAkAr+tw6aNJNDFFf0+qw=
github.com/pkg/errors v0.8.0/go.mod h1:bwawxfHBFNV+L2hUp1rHADufV3IMtnDRdf1r5NINEl0=
github.com/pmezard/go-difflib v1.0.0 h1:4DBwDE0NGyQoBHbLQYPwSUPoCMWR5BEzIk/f1lZbAQM=
github.com/pmezard/go-difflib v1.0.0/go.mod h1:iKH77koFhYxTK1pcRnkKkqfTogsbg7gZNVY4sRDYZ/4=
github.com/rcrowley/go-metrics v0.0.0-20181016184325-3113b8401b8a h1:9ZKAASQSHhDYGoxY8uLVpewe1GDZ2vu2Tr/vTdVAkFQ=
github.com/rcrowley/go-metrics v0.0.0-20181016184325-3113b8401b8a/go.mod h1:bCqnVzQkZxMG4s8nGwiZ5l3QUCyqpo9Y+/ZMZ9VjZe4=
github.com/rubyist/circuitbreaker v2.2.1+incompatible h1:KUKd/pV8Geg77+8LNDwdow6rVCAYOp8+kHUyFvL6Mhk=
github.com/rubyist/circuitbreaker v2.2.1+incompatible/go.mod h1:Ycs3JgJADPuzJDwffe12k6BZT8hxVi6lFK+gWYJLN4A=
github.com/russross/blackfriday v1.5.2 h1:HyvC0ARfnZBqnXwABFeSZHpKvJHJJfPz81GNueLj0oo=
github.com/russross/blackfriday v1.5.2/go.mod h1:JO/DiYxRf+HjHt06OyowR9PTA263kcR/rfWxYHBV53g=
github.com/satori/go.uuid v1.2.0 h1:0uYX9dsZ2yD7q2RtLRtPSdGDWzjeM3TbMJP9utgA0ww=
github.com/satori/go.uuid v1.2.0/go.mod h1:dA0hQrYB0VpLJoorglMZABFdXlWrHn1NEOzdhQKdks0=
github.com/satori/go.uuid v1.2.1-0.20181028125025-b2ce2384e17b h1:gQZ0qzfKHQIybLANtM3mBXNUtOfsCFXeTsnBqCsx1KM=
github.com/satori/go.uuid v1.2.1-0.20181028125025-b2ce2384e17b/go.mod h1:dA0hQrYB0VpLJoorglMZABFdXlWrHn1NEOzdhQKdks0=
github.com/sergi/go-diff v1.0.0 h1:Kpca3qRNrduNnOQeazBd0ysaKrUJiIuISHxogkT9RPQ=
github.com/sergi/go-diff v1.0.0/go.mod h1:0CfEIISq7TuYL3j771MWULgwwjU+GofnZX9QAmXWZgo=
github.com/shurcooL/github_flavored_markdown v0.0.0-20181002035957-2122de532470 h1:qb9IthCFBmROJ6YBS31BEMeSYjOscSiG+EO+JVNTz64=
github.com/shurcooL/github_flavored_markdown v0.0.0-20181002035957-2122de532470/go.mod h1:2dOwnU2uBioM+SGy2aZoq1f/Sd1l9OkAeAUvjSyvgU0=
github.com/shurcooL/highlight_diff v0.0.0-20170515013008-09bb4053de1b h1:vYEG87HxbU6dXj5npkeulCS96Dtz5xg3jcfCgpcvbIw=
github.com/shurcooL/highlight_diff v0.0.0-20170515013008-09bb4053de1b/go.mod h1:ZpfEhSmds4ytuByIcDnOLkTHGUI6KNqRNPDLHDk+mUU=
github.com/shurcooL/highlight_go v0.0.0-20181028180052-98c3abbbae20 h1:7pDq9pAMCQgRohFmd25X8hIH8VxmT3TaDm+r9LHxgBk=
github.com/shurcooL/highlight_go v0.0.0-20181028180052-98c3abbbae20/go.mod h1:UDKB5a1T23gOMUJrI+uSuH0VRDStOiUVSjBTRDVBVag=
github.com/shurcooL/octicon v0.0.0-20181028054416-fa4f57f9efb2 h1:bu666BQci+y4S0tVRVjsHUeRon6vUXmsGBwdowgMrg4=
github.com/shurcooL/octicon v0.0.0-20181028054416-fa4f57f9efb2/go.mod h1:eWdoE5JD4R5UVWDucdOPg1g2fqQRq78IQa9zlOV1vpQ=
github.com/shurcooL/sanitized_anchor_name v0.0.0-20170918181015-86672fcb3f95 h1:/vdW8Cb7EXrkqWGufVMES1OH2sU9gKVb2n9/1y5NMBY=
github.com/shurcooL/sanitized_anchor_name v0.0.0-20170918181015-86672fcb3f95/go.mod h1:1NzhyTcUVG4SuEtjjoZeVRXNmyL/1OwPU0+IJeTBvfc=
github.com/sirupsen/logrus v1.2.0/go.mod h1:LxeOpSwHxABJmUn/MG1IvRgCAasNZTLOkJPxbbu5VWo=
github.com/sourcegraph/annotate v0.0.0-20160123013949-f4cad6c6324d h1:yKm7XZV6j9Ev6lojP2XaIshpT4ymkqhMeSghO5Ps00E=
github.com/sourcegraph/annotate v0.0.0-20160123013949-f4cad6c6324d/go.mod h1:UdhH50NIW0fCiwBSr0co2m7BnFLdv4fQTgdqdJTHFeE=
github.com/sourcegraph/syntaxhighlight v0.0.0-20170531221838-bd320f5d308e h1:qpG93cPwA5f7s/ZPBJnGOYQNK/vKsaDaseuKT5Asee8=
github.com/sourcegraph/syntaxhighlight v0.0.0-20170531221838-bd320f5d308e/go.mod h1:HuIsMU8RRBOtsCgI77wP899iHVBQpCmg4ErYMZB+2IA=
github.com/spaolacci/murmur3 v0.0.0-20180118202830-f09979ecbc72/go.mod h1:JwIasOWyU6f++ZhiEuf87xNszmSA2myDM2Kzu9HwQUA=
github.com/spf13/afero v1.1.2 h1:m8/z1t7/fwjysjQRYbP0RD+bUIF/8tJwPdEZsI83ACI=
github.com/spf13/afero v1.1.2/go.mod h1:j4pytiNVoe2o6bmDsKpLACNPDBIoEAkihy7loJ1B0CQ=
github.com/spf13/cast v1.2.0 h1:HHl1DSRbEQN2i8tJmtS6ViPyHx35+p51amrdsiTCrkg=
github.com/spf13/cast v1.2.0/go.mod h1:r2rcYCSwa1IExKTDiTfzaxqT2FNHs8hODu4LnUfgKEg=
github.com/spf13/cobra v0.0.3 h1:ZlrZ4XsMRm04Fr5pSFxBgfND2EBVa1nLpiy1stUsX/8=
github.com/spf13/cobra v0.0.3/go.mod h1:1l0Ry5zgKvJasoi3XT1TypsSe7PqH0Sj9dhYf7v3XqQ=
github.com/spf13/jwalterweatherman v1.0.0 h1:XHEdyB+EcvlqZamSM4ZOMGlc93t6AcsBEu9Gc1vn7yk=
github.com/spf13/jwalterweatherman v1.0.0/go.mod h1:cQK4TGJAtQXfYWX+Ddv3mKDzgVb68N+wFjFa4jdeBTo=
github.com/spf13/pflag v1.0.2 h1:Fy0orTDgHdbnzHcsOgfCN4LtHf0ec3wwtiwJqwvf3Gc=
github.com/spf13/pflag v1.0.2/go.mod h1:DYY7MBk1bdzusC3SYhjObp+wFpr4gzcvqqNjLnInEg4=
github.com/spf13/viper v1.2.1 h1:bIcUwXqLseLF3BDAZduuNfekWG87ibtFxi59Bq+oI9M=
github.com/spf13/viper v1.2.1/go.mod h1:P4AexN0a+C9tGAnUFNwDMYYZv3pjFuvmeiMyKRaNVlI=
github.com/stretchr/objx v0.1.1 h1:2vfRuCMp5sSVIDSqO8oNnWJq7mPa6KVP3iPIwFBuy8A=
github.com/stretchr/objx v0.1.1/go.mod h1:HFkY916IF+rwdDfMAkV7OtwuqBVzrE8GR6GFx+wExME=
github.com/stretchr/testify v1.2.2 h1:bSDNvY7ZPG5RlJ8otE/7V6gMiyenm9RtJ7IUVIAoJ1w=
github.com/stretchr/testify v1.2.2/go.mod h1:a8OnRcib4nhh0OaRAV+Yts87kKdq0PP7pXfy6kDkUVs=
github.com/tonyghita/graphql-go-example v0.0.0-20180302050012-b146e6978305 h1:DGAj6sxuyXFxptwIRH9y4XBlaJ31/CB7Gx9B8fa3XbM=
github.com/tonyghita/graphql-go-example v0.0.0-20180302050012-b146e6978305/go.mod h1:/jmmueOfxBbIYCSE00NhyH0ru7ONit9NrLWiNLlOmww=
github.com/ugorji/go/codec v0.0.0-20181022190402-e5e69e061d4f h1:y3Vj7GoDdcBkxFa2RUUFKM25TrBbWVDnjRDI0u975zQ=
github.com/ugorji/go/codec v0.0.0-20181022190402-e5e69e061d4f/go.mod h1:VFNgLljTbGfSG7qAOspJ7OScBnGdDN/yBr0sguwnwf0=
github.com/yuin/gopher-lua v0.0.0-20181109042959-a0dfe84f6227 h1:GRy+0tGtORsCA+CJUMfhLuN71eQ0LtsQRDBQKbzESdc=
github.com/yuin/gopher-lua v0.0.0-20181109042959-a0dfe84f6227/go.mod h1:fFiAh+CowNFr0NK5VASokuwKwkbacRmHsVA7Yb1Tqac=
golang.org/x/crypto v0.0.0-20180904163835-0709b304e793 h1:u+LnwYTOOW7Ukr/fppxEb1Nwz0AtPflrblfvUudpo+I=
golang.org/x/crypto v0.0.0-20180904163835-0709b304e793/go.mod h1:6SG95UA2DQfeDnfUPMdvaQW0Q7yPrPDi9nlGo2tz2b4=
golang.org/x/net v0.0.0-20181108082009-03003ca0c849 h1:FSqE2GGG7wzsYUsWiQ8MZrvEd1EOyU3NCF0AW3Wtltg=
golang.org/x/net v0.0.0-20181108082009-03003ca0c849/go.mod h1:mL1N/T3taQHkDXs73rZJwtUhF3w3ftmwwsq0BUmARs4=
golang.org/x/sys v0.0.0-20180905080454-ebe1bf3edb33/go.mod h1:STP8DvDyc/dI5b8T5hshtkjS+E42TnysNCUPdjciGhY=
golang.org/x/sys v0.0.0-20180906133057-8cf3aee42992 h1:BH3eQWeGbwRU2+wxxuuPOdFBmaiBH81O8BugSjHeTFg=
golang.org/x/sys v0.0.0-20180906133057-8cf3aee42992/go.mod h1:STP8DvDyc/dI5b8T5hshtkjS+E42TnysNCUPdjciGhY=
golang.org/x/text v0.3.0 h1:g61tztE5qeGQ89tm6NTjjM9VPIm088od1l6aSorWRWg=
golang.org/x/text v0.3.0/go.mod h1:NqM8EUOU14njkJ3fqMW+pc6Ldnwhi/IjpwHt7yyuwOQ=
gopkg.in/DATA-DOG/go-sqlmock.v1 v1.3.0 h1:FVCohIoYO7IJoDDVpV2pdq7SgrMH6wHnuTyrdrxJNoY=
gopkg.in/DATA-DOG/go-sqlmock.v1 v1.3.0/go.mod h1:OdE7CF6DbADk7lN8LIKRzRJTTZXIjtWgA5THM5lhBAw=
gopkg.in/check.v1 v0.0.0-20161208181325-20d25e280405/go.mod h1:Co6ibVJAznAaIkqp8huTwlJQCZ016jof/cbN4VW5Yz0=
gopkg.in/go-playground/validator.v8 v8.18.2 h1:lFB4DoMU6B626w8ny76MV7VX6W2VHct2GVOI3xgiMrQ=
gopkg.in/go-playground/validator.v8 v8.18.2/go.mod h1:RX2a/7Ha8BgOhfk7j780h4/u/RRjR0eouCJSH80/M2Y=
gopkg.in/yaml.v2 v2.2.1 h1:mUhvW9EsL+naU5Q3cakzfE91YhliOondGd6ZrsDBHQE=
gopkg.in/yaml.v2 v2.2.1/go.mod h1:hI93XBmqTisBFMUTm0b8Fm+jr3Dg1NNxqwp+5A1VGuI=
